
Microsoft Visual Studio Solution File, Format Version 12.00
# Visual Studio Version 17
VisualStudioVersion = 17.1.32210.238
MinimumVisualStudioVersion = 10.0.40219.1
Project("{9A19103F-16F7-4668-BE54-9A1E7A4F7556}") = "IntegrationAISII.Domain", "IntegrationAISII.Domain\IntegrationAISII.Domain.csproj", "{CF2E272F-C0CA-46B4-892F-9992021899DC}"
EndProject
Project("{9A19103F-16F7-4668-BE54-9A1E7A4F7556}") = "IntegrationAISII.Infrastructure", "IntegrationAISII.Infrastructure\IntegrationAISII.Infrastructure.csproj", "{0EB9CA5E-CE9B-4E24-ABA5-19934F60CF0F}"
EndProject
Project("{9A19103F-16F7-4668-BE54-9A1E7A4F7556}") = "IntegrationAISII.Test", "IntegrationAISII.Test\IntegrationAISII.Test.csproj", "{AF24FBE0-BCFF-4A55-B128-3823A770E849}"
EndProject
Project("{9A19103F-16F7-4668-BE54-9A1E7A4F7556}") = "IntegrationAISII.API", "IntegrationAISII.API\IntegrationAISII.API.csproj", "{47BB6205-B12E-44B7-B33B-D06D2C48811F}"
EndProject
Project("{9A19103F-16F7-4668-BE54-9A1E7A4F7556}") = "StatusAISII", "StatusAISII\StatusAISII.csproj", "{0E32B24B-92F0-414E-A28A-BD591DA30443}"
EndProject
Project("{E53339B2-1760-4266-BCC7-CA923CBCF16C}") = "docker-compose", "docker-compose.dcproj", "{67CB8284-D438-4B2B-A77B-2F193CDD57F9}"
EndProject
Project("{2150E333-8FDC-42A3-9474-1A3956D46DE8}") = "BuildingBlocks", "BuildingBlocks", "{00D038D5-072A-4D69-9855-90FA73F6AEB0}"
EndProject
Project("{2150E333-8FDC-42A3-9474-1A3956D46DE8}") = "EventBus", "EventBus", "{C3BA92F7-22D1-4096-A3B3-213E5E5FC484}"
EndProject
Project("{9A19103F-16F7-4668-BE54-9A1E7A4F7556}") = "EventBus", "EventBus\EventBus.csproj", "{DCEE47F0-1BA1-4384-9E94-3FAD56B40272}"
EndProject
Project("{9A19103F-16F7-4668-BE54-9A1E7A4F7556}") = "IntegrationEventLogEF", "IntegrationEventLogEF\IntegrationEventLogEF.csproj", "{C4938477-8623-4667-AF5D-E72C39236584}"
EndProject
Project("{9A19103F-16F7-4668-BE54-9A1E7A4F7556}") = "EventBusServiceBus", "EventBusServiceBus\EventBusServiceBus.csproj", "{9561B11E-1362-4B98-B460-6E868D887667}"
EndProject
Global
	GlobalSection(SolutionConfigurationPlatforms) = preSolution
		Debug|Any CPU = Debug|Any CPU
		Release|Any CPU = Release|Any CPU
	EndGlobalSection
	GlobalSection(ProjectConfigurationPlatforms) = postSolution
		{CF2E272F-C0CA-46B4-892F-9992021899DC}.Debug|Any CPU.ActiveCfg = Debug|Any CPU
		{CF2E272F-C0CA-46B4-892F-9992021899DC}.Debug|Any CPU.Build.0 = Debug|Any CPU
		{CF2E272F-C0CA-46B4-892F-9992021899DC}.Release|Any CPU.ActiveCfg = Release|Any CPU
		{CF2E272F-C0CA-46B4-892F-9992021899DC}.Release|Any CPU.Build.0 = Release|Any CPU
		{0EB9CA5E-CE9B-4E24-ABA5-19934F60CF0F}.Debug|Any CPU.ActiveCfg = Debug|Any CPU
		{0EB9CA5E-CE9B-4E24-ABA5-19934F60CF0F}.Debug|Any CPU.Build.0 = Debug|Any CPU
		{0EB9CA5E-CE9B-4E24-ABA5-19934F60CF0F}.Release|Any CPU.ActiveCfg = Release|Any CPU
		{0EB9CA5E-CE9B-4E24-ABA5-19934F60CF0F}.Release|Any CPU.Build.0 = Release|Any CPU
		{AF24FBE0-BCFF-4A55-B128-3823A770E849}.Debug|Any CPU.ActiveCfg = Debug|Any CPU
		{AF24FBE0-BCFF-4A55-B128-3823A770E849}.Debug|Any CPU.Build.0 = Debug|Any CPU
		{AF24FBE0-BCFF-4A55-B128-3823A770E849}.Release|Any CPU.ActiveCfg = Release|Any CPU
		{AF24FBE0-BCFF-4A55-B128-3823A770E849}.Release|Any CPU.Build.0 = Release|Any CPU
		{47BB6205-B12E-44B7-B33B-D06D2C48811F}.Debug|Any CPU.ActiveCfg = Debug|Any CPU
		{47BB6205-B12E-44B7-B33B-D06D2C48811F}.Debug|Any CPU.Build.0 = Debug|Any CPU
		{47BB6205-B12E-44B7-B33B-D06D2C48811F}.Release|Any CPU.ActiveCfg = Release|Any CPU
		{47BB6205-B12E-44B7-B33B-D06D2C48811F}.Release|Any CPU.Build.0 = Release|Any CPU
		{0E32B24B-92F0-414E-A28A-BD591DA30443}.Debug|Any CPU.ActiveCfg = Debug|Any CPU
		{0E32B24B-92F0-414E-A28A-BD591DA30443}.Debug|Any CPU.Build.0 = Debug|Any CPU
		{0E32B24B-92F0-414E-A28A-BD591DA30443}.Release|Any CPU.ActiveCfg = Release|Any CPU
		{0E32B24B-92F0-414E-A28A-BD591DA30443}.Release|Any CPU.Build.0 = Release|Any CPU
		{67CB8284-D438-4B2B-A77B-2F193CDD57F9}.Debug|Any CPU.ActiveCfg = Debug|Any CPU
		{67CB8284-D438-4B2B-A77B-2F193CDD57F9}.Debug|Any CPU.Build.0 = Debug|Any CPU
		{67CB8284-D438-4B2B-A77B-2F193CDD57F9}.Release|Any CPU.ActiveCfg = Release|Any CPU
		{67CB8284-D438-4B2B-A77B-2F193CDD57F9}.Release|Any CPU.Build.0 = Release|Any CPU
		{DCEE47F0-1BA1-4384-9E94-3FAD56B40272}.Debug|Any CPU.ActiveCfg = Debug|Any CPU
		{DCEE47F0-1BA1-4384-9E94-3FAD56B40272}.Debug|Any CPU.Build.0 = Debug|Any CPU
		{DCEE47F0-1BA1-4384-9E94-3FAD56B40272}.Release|Any CPU.ActiveCfg = Release|Any CPU
		{DCEE47F0-1BA1-4384-9E94-3FAD56B40272}.Release|Any CPU.Build.0 = Release|Any CPU
		{C4938477-8623-4667-AF5D-E72C39236584}.Debug|Any CPU.ActiveCfg = Debug|Any CPU
		{C4938477-8623-4667-AF5D-E72C39236584}.Debug|Any CPU.Build.0 = Debug|Any CPU
		{C4938477-8623-4667-AF5D-E72C39236584}.Release|Any CPU.ActiveCfg = Release|Any CPU
		{C4938477-8623-4667-AF5D-E72C39236584}.Release|Any CPU.Build.0 = Release|Any CPU
		{9561B11E-1362-4B98-B460-6E868D887667}.Debug|Any CPU.ActiveCfg = Debug|Any CPU
		{9561B11E-1362-4B98-B460-6E868D887667}.Debug|Any CPU.Build.0 = Debug|Any CPU
		{9561B11E-1362-4B98-B460-6E868D887667}.Release|Any CPU.ActiveCfg = Release|Any CPU
		{9561B11E-1362-4B98-B460-6E868D887667}.Release|Any CPU.Build.0 = Release|Any CPU
	EndGlobalSection
	GlobalSection(SolutionProperties) = preSolution
		HideSolutionNode = FALSE
	EndGlobalSection
	GlobalSection(NestedProjects) = preSolution
		{C3BA92F7-22D1-4096-A3B3-213E5E5FC484} = {00D038D5-072A-4D69-9855-90FA73F6AEB0}
		{DCEE47F0-1BA1-4384-9E94-3FAD56B40272} = {C3BA92F7-22D1-4096-A3B3-213E5E5FC484}
		{C4938477-8623-4667-AF5D-E72C39236584} = {C3BA92F7-22D1-4096-A3B3-213E5E5FC484}
		{9561B11E-1362-4B98-B460-6E868D887667} = {C3BA92F7-22D1-4096-A3B3-213E5E5FC484}
	EndGlobalSection
	GlobalSection(ExtensibilityGlobals) = postSolution
		SolutionGuid = {6784E8D7-991C-4F0C-8106-A7EFF660C934}
	EndGlobalSection
EndGlobal
